
Microsoft Visual Studio Solution File, Format Version 12.00
# Visual Studio Version 17
VisualStudioVersion = 17.10.35027.167
MinimumVisualStudioVersion = 10.0.40219.1
Project("{9A19103F-16F7-4668-BE54-9A1E7A4F7556}") = "PortableMetadata", "PortableMetadata\PortableMetadata.csproj", "{449DDA11-5956-48FB-A220-63E219E3C43A}"
EndProject
Project("{9A19103F-16F7-4668-BE54-9A1E7A4F7556}") = "PortableMetadata.Benchmarks", "PortableMetadata.Benchmarks\PortableMetadata.Benchmarks.csproj", "{90494317-C1E5-461B-8A20-F223AC8FBA7A}"
EndProject
Project("{9A19103F-16F7-4668-BE54-9A1E7A4F7556}") = "PortableMetadata.Samples", "PortableMetadata.Samples\PortableMetadata.Samples.csproj", "{6BDFFE09-162E-4A54-A8A3-C790465EFB8E}"
EndProject
Project("{9A19103F-16F7-4668-BE54-9A1E7A4F7556}") = "PortableMetadata.Sample.ApplyAPatch", "PortableMetadata.Sample.ApplyAPatch\PortableMetadata.Sample.ApplyAPatch.csproj", "{C70261EF-3F5B-4F02-A69C-5129716A06F5}"
EndProject
Project("{FAE04EC0-301F-11D3-BF4B-00C04F79EFBC}") = "PortableMetadata.Dnlib", "PortableMetadata.Dnlib\PortableMetadata.Dnlib.csproj", "{0A4B416A-7272-488E-9034-A1B7D06F4FC7}"
EndProject
Global
	GlobalSection(SolutionConfigurationPlatforms) = preSolution
		Debug|Any CPU = Debug|Any CPU
		Release|Any CPU = Release|Any CPU
	EndGlobalSection
	GlobalSection(ProjectConfigurationPlatforms) = postSolution
		{449DDA11-5956-48FB-A220-63E219E3C43A}.Debug|Any CPU.ActiveCfg = Debug|Any CPU
		{449DDA11-5956-48FB-A220-63E219E3C43A}.Debug|Any CPU.Build.0 = Debug|Any CPU
		{449DDA11-5956-48FB-A220-63E219E3C43A}.Release|Any CPU.ActiveCfg = Release|Any CPU
		{449DDA11-5956-48FB-A220-63E219E3C43A}.Release|Any CPU.Build.0 = Release|Any CPU
		{90494317-C1E5-461B-8A20-F223AC8FBA7A}.Debug|Any CPU.ActiveCfg = Debug|Any CPU
		{90494317-C1E5-461B-8A20-F223AC8FBA7A}.Debug|Any CPU.Build.0 = Debug|Any CPU
		{90494317-C1E5-461B-8A20-F223AC8FBA7A}.Release|Any CPU.ActiveCfg = Release|Any CPU
		{90494317-C1E5-461B-8A20-F223AC8FBA7A}.Release|Any CPU.Build.0 = Release|Any CPU
		{6BDFFE09-162E-4A54-A8A3-C790465EFB8E}.Debug|Any CPU.ActiveCfg = Debug|Any CPU
		{6BDFFE09-162E-4A54-A8A3-C790465EFB8E}.Debug|Any CPU.Build.0 = Debug|Any CPU
		{6BDFFE09-162E-4A54-A8A3-C790465EFB8E}.Release|Any CPU.ActiveCfg = Release|Any CPU
		{6BDFFE09-162E-4A54-A8A3-C790465EFB8E}.Release|Any CPU.Build.0 = Release|Any CPU
		{C70261EF-3F5B-4F02-A69C-5129716A06F5}.Debug|Any CPU.ActiveCfg = Debug|Any CPU
		{C70261EF-3F5B-4F02-A69C-5129716A06F5}.Debug|Any CPU.Build.0 = Debug|Any CPU
		{C70261EF-3F5B-4F02-A69C-5129716A06F5}.Release|Any CPU.ActiveCfg = Release|Any CPU
		{C70261EF-3F5B-4F02-A69C-5129716A06F5}.Release|Any CPU.Build.0 = Release|Any CPU
		{0A4B416A-7272-488E-9034-A1B7D06F4FC7}.Debug|Any CPU.ActiveCfg = Debug|Any CPU
		{0A4B416A-7272-488E-9034-A1B7D06F4FC7}.Debug|Any CPU.Build.0 = Debug|Any CPU
		{0A4B416A-7272-488E-9034-A1B7D06F4FC7}.Release|Any CPU.ActiveCfg = Release|Any CPU
		{0A4B416A-7272-488E-9034-A1B7D06F4FC7}.Release|Any CPU.Build.0 = Release|Any CPU
	EndGlobalSection
	GlobalSection(SolutionProperties) = preSolution
		HideSolutionNode = FALSE
	EndGlobalSection
	GlobalSection(ExtensibilityGlobals) = postSolution
		SolutionGuid = {9D20BEA2-0224-4200-8A1B-F19A380389D0}
	EndGlobalSection
EndGlobal
